// !$*UTF8*$!
{
	archiveVersion = 1;
	classes = {
	};
	objectVersion = 56;
	objects = {

/* Begin PBXBuildFile section */
		768C53922C0008BD00174EC8 /* data_from_jsonApp.swift in Sources */ = {isa = PBXBuildFile; fileRef = 768C53912C0008BD00174EC8 /* data_from_jsonApp.swift */; };
		768C53942C0008BD00174EC8 /* ContentView.swift in Sources */ = {isa = PBXBuildFile; fileRef = 768C53932C0008BD00174EC8 /* ContentView.swift */; };
		768C53962C0008BE00174EC8 /* Assets.xcassets in Resources */ = {isa = PBXBuildFile; fileRef = 768C53952C0008BE00174EC8 /* Assets.xcassets */; };
		768C53992C0008BE00174EC8 /* Preview Assets.xcassets in Resources */ = {isa = PBXBuildFile; fileRef = 768C53982C0008BE00174EC8 /* Preview Assets.xcassets */; };
		768C53A02C0008DF00174EC8 /* Animal.swift in Sources */ = {isa = PBXBuildFile; fileRef = 768C539F2C0008DF00174EC8 /* Animal.swift */; };
		768C53A22C00091B00174EC8 /* animalData.json in Resources */ = {isa = PBXBuildFile; fileRef = 768C53A12C00091B00174EC8 /* animalData.json */; };
		768C53A42C00098300174EC8 /* ModelData.swift in Sources */ = {isa = PBXBuildFile; fileRef = 768C53A32C00098300174EC8 /* ModelData.swift */; };
		768C53A62C000B1C00174EC8 /* Network.swift in Sources */ = {isa = PBXBuildFile; fileRef = 768C53A52C000B1C00174EC8 /* Network.swift */; };
		768C53A82C000B6500174EC8 /* UserModel.swift in Sources */ = {isa = PBXBuildFile; fileRef = 768C53A72C000B6500174EC8 /* UserModel.swift */; };
/* End PBXBuildFile section */

/* Begin PBXFileReference section */
		768C538E2C0008BD00174EC8 /* data_from_json.app */ = {isa = PBXFileReference; explicitFileType = wrapper.application; includeInIndex = 0; path = data_from_json.app; sourceTree = BUILT_PRODUCTS_DIR; };
		768C53912C0008BD00174EC8 /* data_from_jsonApp.swift */ = {isa = PBXFileReference; lastKnownFileType = sourcecode.swift; path = data_from_jsonApp.swift; sourceTree = "<group>"; };
		768C53932C0008BD00174EC8 /* ContentView.swift */ = {isa = PBXFileReference; lastKnownFileType = sourcecode.swift; path = ContentView.swift; sourceTree = "<group>"; };
		768C53952C0008BE00174EC8 /* Assets.xcassets */ = {isa = PBXFileReference; lastKnownFileType = folder.assetcatalog; path = Assets.xcassets; sourceTree = "<group>"; };
		768C53982C0008BE00174EC8 /* Preview Assets.xcassets */ = {isa = PBXFileReference; lastKnownFileType = folder.assetcatalog; path = "Preview Assets.xcassets"; sourceTree = "<group>"; };
		768C539F2C0008DF00174EC8 /* Animal.swift */ = {isa = PBXFileReference; lastKnownFileType = sourcecode.swift; path = Animal.swift; sourceTree = "<group>"; };
		768C53A12C00091B00174EC8 /* animalData.json */ = {isa = PBXFileReference; lastKnownFileType = text.json; path = animalData.json; sourceTree = "<group>"; };
		768C53A32C00098300174EC8 /* ModelData.swift */ = {isa = PBXFileReference; lastKnownFileType = sourcecode.swift; path = ModelData.swift; sourceTree = "<group>"; };
		768C53A52C000B1C00174EC8 /* Network.swift */ = {isa = PBXFileReference; lastKnownFileType = sourcecode.swift; path = Network.swift; sourceTree = "<group>"; };
		768C53A72C000B6500174EC8 /* UserModel.swift */ = {isa = PBXFileReference; lastKnownFileType = sourcecode.swift; path = UserModel.swift; sourceTree = "<group>"; };
/* End PBXFileReference section */

/* Begin PBXFrameworksBuildPhase section */
		768C538B2C0008BD00174EC8 /* Frameworks */ = {
			isa = PBXFrameworksBuildPhase;
			buildActionMask = 2147483647;
			files = (
			);
			runOnlyForDeploymentPostprocessing = 0;
		};
/* End PBXFrameworksBuildPhase section */

/* Begin PBXGroup section */
		768C53852C0008BD00174EC8 = {
			isa = PBXGroup;
			children = (
				768C53902C0008BD00174EC8 /* data_from_json */,
				768C538F2C0008BD00174EC8 /* Products */,
			);
			sourceTree = "<group>";
		};
		768C538F2C0008BD00174EC8 /* Products */ = {
			isa = PBXGroup;
			children = (
				768C538E2C0008BD00174EC8 /* data_from_json.app */,
			);
			name = Products;
			sourceTree = "<group>";
		};
		768C53902C0008BD00174EC8 /* data_from_json */ = {
			isa = PBXGroup;
			children = (
				768C53912C0008BD00174EC8 /* data_from_jsonApp.swift */,
				768C539F2C0008DF00174EC8 /* Animal.swift */,
				768C53A32C00098300174EC8 /* ModelData.swift */,
				768C53A12C00091B00174EC8 /* animalData.json */,
				768C53932C0008BD00174EC8 /* ContentView.swift */,
				768C53A52C000B1C00174EC8 /* Network.swift */,
				768C53952C0008BE00174EC8 /* Assets.xcassets */,
				768C53972C0008BE00174EC8 /* Preview Content */,
				768C53A72C000B6500174EC8 /* UserModel.swift */,
			);
			path = data_from_json;
			sourceTree = "<group>";
		};
		768C53972C0008BE00174EC8 /* Preview Content */ = {
			isa = PBXGroup;
			children = (
				768C53982C0008BE00174EC8 /* Preview Assets.xcassets */,
			);
			path = "Preview Content";
			sourceTree = "<group>";
		};
/* End PBXGroup section */

/* Begin PBXNativeTarget section */
		768C538D2C0008BD00174EC8 /* data_from_json */ = {
			isa = PBXNativeTarget;
			buildConfigurationList = 768C539C2C0008BE00174EC8 /* Build configuration list for PBXNativeTarget "data_from_json" */;
			buildPhases = (
				768C538A2C0008BD00174EC8 /* Sources */,
				768C538B2C0008BD00174EC8 /* Frameworks */,
				768C538C2C0008BD00174EC8 /* Resources */,
			);
			buildRules = (
			);
			dependencies = (
			);
			name = data_from_json;
			productName = data_from_json;
			productReference = 768C538E2C0008BD00174EC8 /* data_from_json.app */;
			productType = "com.apple.product-type.application";
		};
/* End PBXNativeTarget section */

/* Begin PBXProject section */
		768C53862C0008BD00174EC8 /* Project object */ = {
			isa = PBXProject;
			attributes = {
				BuildIndependentTargetsInParallel = 1;
				LastSwiftUpdateCheck = 1530;
				LastUpgradeCheck = 1530;
				TargetAttributes = {
					768C538D2C0008BD00174EC8 = {
						CreatedOnToolsVersion = 15.3;
					};
				};
			};
			buildConfigurationList = 768C53892C0008BD00174EC8 /* Build configuration list for PBXProject "data_from_json" */;
			compatibilityVersion = "Xcode 14.0";
			developmentRegion = en;
			hasScannedForEncodings = 0;
			knownRegions = (
				en,
				Base,
			);
			mainGroup = 768C53852C0008BD00174EC8;
			productRefGroup = 768C538F2C0008BD00174EC8 /* Products */;
			projectDirPath = "";
			projectRoot = "";
			targets = (
				768C538D2C0008BD00174EC8 /* data_from_json */,
			);
		};
/* End PBXProject section */

/* Begin PBXResourcesBuildPhase section */
		768C538C2C0008BD00174EC8 /* Resources */ = {
			isa = PBXResourcesBuildPhase;
			buildActionMask = 2147483647;
			files = (
				768C53992C0008BE00174EC8 /* Preview Assets.xcassets in Resources */,
				768C53962C0008BE00174EC8 /* Assets.xcassets in Resources */,
				768C53A22C00091B00174EC8 /* animalData.json in Resources */,
			);
			runOnlyForDeploymentPostprocessing = 0;
		};
/* End PBXResourcesBuildPhase section */

/* Begin PBXSourcesBuildPhase section */
		768C538A2C0008BD00174EC8 /* Sources */ = {
			isa = PBXSourcesBuildPhase;
			buildActionMask = 2147483647;
			files = (
				768C53A62C000B1C00174EC8 /* Network.swift in Sources */,
				768C53942C0008BD00174EC8 /* ContentView.swift in Sources */,
				768C53A42C00098300174EC8 /* ModelData.swift in Sources */,
				768C53922C0008BD00174EC8 /* data_from_jsonApp.swift in Sources */,
				768C53A82C000B6500174EC8 /* UserModel.swift in Sources */,
				768C53A02C0008DF00174EC8 /* Animal.swift in Sources */,
			);
			runOnlyForDeploymentPostprocessing = 0;
		};
/* End PBXSourcesBuildPhase section */

/* Begin XCBuildConfiguration section */
		768C539A2C0008BE00174EC8 /* Debug */ = {
			isa = XCBuildConfiguration;
			buildSettings = {
				ALWAYS_SEARCH_USER_PATHS = NO;
				ASSETCATALOG_COMPILER_GENERATE_SWIFT_ASSET_SYMBOL_EXTENSIONS = YES;
				CLANG_ANALYZER_NONNULL = YES;
				CLANG_ANALYZER_NUMBER_OBJECT_CONVERSION = YES_AGGRESSIVE;
				CLANG_CXX_LANGUAGE_STANDARD = "gnu++20";
				CLANG_ENABLE_MODULES = YES;
				CLANG_ENABLE_OBJC_ARC = YES;
				CLANG_ENABLE_OBJC_WEAK = YES;
				CLANG_WARN_BLOCK_CAPTURE_AUTORELEASING = YES;
				CLANG_WARN_BOOL_CONVERSION = YES;
				CLANG_WARN_COMMA = YES;
				CLANG_WARN_CONSTANT_CONVERSION = YES;
				CLANG_WARN_DEPRECATED_OBJC_IMPLEMENTATIONS = YES;
				CLANG_WARN_DIRECT_OBJC_ISA_USAGE = YES_ERROR;
				CLANG_WARN_DOCUMENTATION_COMMENTS = YES;
				CLANG_WARN_EMPTY_BODY = YES;
				CLANG_WARN_ENUM_CONVERSION = YES;
				CLANG_WARN_INFINITE_RECURSION = YES;
				CLANG_WARN_INT_CONVERSION = YES;
				CLANG_WARN_NON_LITERAL_NULL_CONVERSION = YES;
				CLANG_WARN_OBJC_IMPLICIT_RETAIN_SELF = YES;
				CLANG_WARN_OBJC_LITERAL_CONVERSION = YES;
				CLANG_WARN_OBJC_ROOT_CLASS = YES_ERROR;
				CLANG_WARN_QUOTED_INCLUDE_IN_FRAMEWORK_HEADER = YES;
				CLANG_WARN_RANGE_LOOP_ANALYSIS = YES;
				CLANG_WARN_STRICT_PROTOTYPES = YES;
				CLANG_WARN_SUSPICIOUS_MOVE = YES;
				CLANG_WARN_UNGUARDED_AVAILABILITY = YES_AGGRESSIVE;
				CLANG_WARN_UNREACHABLE_CODE = YES;
				CLANG_WARN__DUPLICATE_METHOD_MATCH = YES;
				COPY_PHASE_STRIP = NO;
				DEBUG_INFORMATION_FORMAT = dwarf;
				ENABLE_STRICT_OBJC_MSGSEND = YES;
				ENABLE_TESTABILITY = YES;
				ENABLE_USER_SCRIPT_SANDBOXING = YES;
				GCC_C_LANGUAGE_STANDARD = gnu17;
				GCC_DYNAMIC_NO_PIC = NO;
				GCC_NO_COMMON_BLOCKS = YES;
				GCC_OPTIMIZATION_LEVEL = 0;
				GCC_PREPROCESSOR_DEFINITIONS = (
					"DEBUG=1",
					"$(inherited)",
				);
				GCC_WARN_64_TO_32_BIT_CONVERSION = YES;
				GCC_WARN_ABOUT_RETURN_TYPE = YES_ERROR;
				GCC_WARN_UNDECLARED_SELECTOR = YES;
				GCC_WARN_UNINITIALIZED_AUTOS = YES_AGGRESSIVE;
				GCC_WARN_UNUSED_FUNCTION = YES;
				GCC_WARN_UNUSED_VARIABLE = YES;
				IPHONEOS_DEPLOYMENT_TARGET = 17.4;
				LOCALIZATION_PREFERS_STRING_CATALOGS = YES;
				MTL_ENABLE_DEBUG_INFO = INCLUDE_SOURCE;
				MTL_FAST_MATH = YES;
				ONLY_ACTIVE_ARCH = YES;
				SDKROOT = iphoneos;
				SWIFT_ACTIVE_COMPILATION_CONDITIONS = "DEBUG $(inherited)";
				SWIFT_OPTIMIZATION_LEVEL = "-Onone";
			};
			name = Debug;
		};
		768C539B2C0008BE00174EC8 /* Release */ = {
			isa = XCBuildConfiguration;
			buildSettings = {
				ALWAYS_SEARCH_USER_PATHS = NO;
				ASSETCATALOG_COMPILER_GENERATE_SWIFT_ASSET_SYMBOL_EXTENSIONS = YES;
				CLANG_ANALYZER_NONNULL = YES;
				CLANG_ANALYZER_NUMBER_OBJECT_CONVERSION = YES_AGGRESSIVE;
				CLANG_CXX_LANGUAGE_STANDARD = "gnu++20";
				CLANG_ENABLE_MODULES = YES;
				CLANG_ENABLE_OBJC_ARC = YES;
				CLANG_ENABLE_OBJC_WEAK = YES;
				CLANG_WARN_BLOCK_CAPTURE_AUTORELEASING = YES;
				CLANG_WARN_BOOL_CONVERSION = YES;
				CLANG_WARN_COMMA = YES;
				CLANG_WARN_CONSTANT_CONVERSION = YES;
				CLANG_WARN_DEPRECATED_OBJC_IMPLEMENTATIONS = YES;
				CLANG_WARN_DIRECT_OBJC_ISA_USAGE = YES_ERROR;
				CLANG_WARN_DOCUMENTATION_COMMENTS = YES;
				CLANG_WARN_EMPTY_BODY = YES;
				CLANG_WARN_ENUM_CONVERSION = YES;
				CLANG_WARN_INFINITE_RECURSION = YES;
				CLANG_WARN_INT_CONVERSION = YES;
				CLANG_WARN_NON_LITERAL_NULL_CONVERSION = YES;
				CLANG_WARN_OBJC_IMPLICIT_RETAIN_SELF = YES;
				CLANG_WARN_OBJC_LITERAL_CONVERSION = YES;
				CLANG_WARN_OBJC_ROOT_CLASS = YES_ERROR;
				CLANG_WARN_QUOTED_INCLUDE_IN_FRAMEWORK_HEADER = YES;
				CLANG_WARN_RANGE_LOOP_ANALYSIS = YES;
				CLANG_WARN_STRICT_PROTOTYPES = YES;
				CLANG_WARN_SUSPICIOUS_MOVE = YES;
				CLANG_WARN_UNGUARDED_AVAILABILITY = YES_AGGRESSIVE;
				CLANG_WARN_UNREACHABLE_CODE = YES;
				CLANG_WARN__DUPLICATE_METHOD_MATCH = YES;
				COPY_PHASE_STRIP = NO;
				DEBUG_INFORMATION_FORMAT = "dwarf-with-dsym";
				ENABLE_NS_ASSERTIONS = NO;
				ENABLE_STRICT_OBJC_MSGSEND = YES;
				ENABLE_USER_SCRIPT_SANDBOXING = YES;
				GCC_C_LANGUAGE_STANDARD = gnu17;
				GCC_NO_COMMON_BLOCKS = YES;
				GCC_WARN_64_TO_32_BIT_CONVERSION = YES;
				GCC_WARN_ABOUT_RETURN_TYPE = YES_ERROR;
				GCC_WARN_UNDECLARED_SELECTOR = YES;
				GCC_WARN_UNINITIALIZED_AUTOS = YES_AGGRESSIVE;
				GCC_WARN_UNUSED_FUNCTION = YES;
				GCC_WARN_UNUSED_VARIABLE = YES;
				IPHONEOS_DEPLOYMENT_TARGET = 17.4;
				LOCALIZATION_PREFERS_STRING_CATALOGS = YES;
				MTL_ENABLE_DEBUG_INFO = NO;
				MTL_FAST_MATH = YES;
				SDKROOT = iphoneos;
				SWIFT_COMPILATION_MODE = wholemodule;
				VALIDATE_PRODUCT = YES;
			};
			name = Release;
		};
		768C539D2C0008BE00174EC8 /* Debug */ = {
			isa = XCBuildConfiguration;
			buildSettings = {
				ASSETCATALOG_COMPILER_APPICON_NAME = AppIcon;
				ASSETCATALOG_COMPILER_GLOBAL_ACCENT_COLOR_NAME = AccentColor;
				CODE_SIGN_STYLE = Automatic;
				CURRENT_PROJECT_VERSION = 1;
				DEVELOPMENT_ASSET_PATHS = "\"data_from_json/Preview Content\"";
				DEVELOPMENT_TEAM = M9VY72GHQA;
				ENABLE_PREVIEWS = YES;
				GENERATE_INFOPLIST_FILE = YES;
				INFOPLIST_KEY_UIApplicationSceneManifest_Generation = YES;
				INFOPLIST_KEY_UIApplicationSupportsIndirectInputEvents = YES;
				INFOPLIST_KEY_UILaunchScreen_Generation = YES;
				INFOPLIST_KEY_UISupportedInterfaceOrientations_iPad = "UIInterfaceOrientationPortrait UIInterfaceOrientationPortraitUpsideDown UIInterfaceOrientationLandscapeLeft UIInterfaceOrientationLandscapeRight";
				INFOPLIST_KEY_UISupportedInterfaceOrientations_iPhone = "UIInterfaceOrientationPortrait UIInterfaceOrientationLandscapeLeft UIInterfaceOrientationLandscapeRight";
				LD_RUNPATH_SEARCH_PATHS = (
					"$(inherited)",
					"@executable_path/Frameworks",
				);
				MARKETING_VERSION = 1.0;
				PRODUCT_BUNDLE_IDENTIFIER = "com.brentbumann.data-from-json";
				PRODUCT_NAME = "$(TARGET_NAME)";
				SWIFT_EMIT_LOC_STRINGS = YES;
				SWIFT_VERSION = 5.0;
				TARGETED_DEVICE_FAMILY = "1,2";
			};
			name = Debug;
		};
		768C539E2C0008BE00174EC8 /* Release */ = {
			isa = XCBuildConfiguration;
			buildSettings = {
				ASSETCATALOG_COMPILER_APPICON_NAME = AppIcon;
				ASSETCATALOG_COMPILER_GLOBAL_ACCENT_COLOR_NAME = AccentColor;
				CODE_SIGN_STYLE = Automatic;
				CURRENT_PROJECT_VERSION = 1;
				DEVELOPMENT_ASSET_PATHS = "\"data_from_json/Preview Content\"";
				DEVELOPMENT_TEAM = M9VY72GHQA;
				ENABLE_PREVIEWS = YES;
				GENERATE_INFOPLIST_FILE = YES;
				INFOPLIST_KEY_UIApplicationSceneManifest_Generation = YES;
				INFOPLIST_KEY_UIApplicationSupportsIndirectInputEvents = YES;
				INFOPLIST_KEY_UILaunchScreen_Generation = YES;
				INFOPLIST_KEY_UISupportedInterfaceOrientations_iPad = "UIInterfaceOrientationPortrait UIInterfaceOrientationPortraitUpsideDown UIInterfaceOrientationLandscapeLeft UIInterfaceOrientationLandscapeRight";
				INFOPLIST_KEY_UISupportedInterfaceOrientations_iPhone = "UIInterfaceOrientationPortrait UIInterfaceOrientationLandscapeLeft UIInterfaceOrientationLandscapeRight";
				LD_RUNPATH_SEARCH_PATHS = (
					"$(inherited)",
					"@executable_path/Frameworks",
				);
				MARKETING_VERSION = 1.0;
				PRODUCT_BUNDLE_IDENTIFIER = "com.brentbumann.data-from-json";
				PRODUCT_NAME = "$(TARGET_NAME)";
				SWIFT_EMIT_LOC_STRINGS = YES;
				SWIFT_VERSION = 5.0;
				TARGETED_DEVICE_FAMILY = "1,2";
			};
			name = Release;
		};
/* End XCBuildConfiguration section */

/* Begin XCConfigurationList section */
		768C53892C0008BD00174EC8 /* Build configuration list for PBXProject "data_from_json" */ = {
			isa = XCConfigurationList;
			buildConfigurations = (
				768C539A2C0008BE00174EC8 /* Debug */,
				768C539B2C0008BE00174EC8 /* Release */,
			);
			defaultConfigurationIsVisible = 0;
			defaultConfigurationName = Release;
		};
		768C539C2C0008BE00174EC8 /* Build configuration list for PBXNativeTarget "data_from_json" */ = {
			isa = XCConfigurationList;
			buildConfigurations = (
				768C539D2C0008BE00174EC8 /* Debug */,
				768C539E2C0008BE00174EC8 /* Release */,
			);
			defaultConfigurationIsVisible = 0;
			defaultConfigurationName = Release;
		};
/* End XCConfigurationList section */
	};
	rootObject = 768C53862C0008BD00174EC8 /* Project object */;
}
